
Microsoft Visual Studio Solution File, Format Version 12.00
# Visual Studio Version 17
VisualStudioVersion = 17.9.34728.123
MinimumVisualStudioVersion = 10.0.40219.1
Project("{FAE04EC0-301F-11D3-BF4B-00C04F79EFBC}") = "API_PRODUCTO", "API_PRODUCTO.csproj", "{F7472586-8A67-447E-A847-1417AE187083}"
EndProject
Global
	GlobalSection(SolutionConfigurationPlatforms) = preSolution
		Debug|Any CPU = Debug|Any CPU
		Release|Any CPU = Release|Any CPU
	EndGlobalSection
	GlobalSection(ProjectConfigurationPlatforms) = postSolution
		{F7472586-8A67-447E-A847-1417AE187083}.Debug|Any CPU.ActiveCfg = Debug|Any CPU
		{F7472586-8A67-447E-A847-1417AE187083}.Debug|Any CPU.Build.0 = Debug|Any CPU
		{F7472586-8A67-447E-A847-1417AE187083}.Release|Any CPU.ActiveCfg = Release|Any CPU
		{F7472586-8A67-447E-A847-1417AE187083}.Release|Any CPU.Build.0 = Release|Any CPU
	EndGlobalSection
	GlobalSection(SolutionProperties) = preSolution
		HideSolutionNode = FALSE
	EndGlobalSection
	GlobalSection(ExtensibilityGlobals) = postSolution
		SolutionGuid = {893C95BD-0FCB-4AA0-B092-53AF2F99EFFF}
	EndGlobalSection
EndGlobal
